// !$*UTF8*$!
{
	archiveVersion = 1;
	classes = {
	};
	objectVersion = 46;
	objects = {

/* Begin PBXBuildFile section */
		748F8D7A1A489A8000F06D7F /* main.m in Sources */ = {isa = PBXBuildFile; fileRef = 748F8D791A489A8000F06D7F /* main.m */; };
		748F8D7D1A489A8000F06D7F /* AppDelegate.m in Sources */ = {isa = PBXBuildFile; fileRef = 748F8D7C1A489A8000F06D7F /* AppDelegate.m */; };
		748F8D801A489A8000F06D7F /* SPLocationViewController.m in Sources */ = {isa = PBXBuildFile; fileRef = 748F8D7F1A489A8000F06D7F /* SPLocationViewController.m */; };
		748F8D831A489A8000F06D7F /* Main.storyboard in Resources */ = {isa = PBXBuildFile; fileRef = 748F8D811A489A8000F06D7F /* Main.storyboard */; };
		748F8D851A489A8000F06D7F /* Images.xcassets in Resources */ = {isa = PBXBuildFile; fileRef = 748F8D841A489A8000F06D7F /* Images.xcassets */; };
		748F8D881A489A8000F06D7F /* LaunchScreen.xib in Resources */ = {isa = PBXBuildFile; fileRef = 748F8D861A489A8000F06D7F /* LaunchScreen.xib */; };
		748F8D941A489A8000F06D7F /* LocationUpdatesTests.m in Sources */ = {isa = PBXBuildFile; fileRef = 748F8D931A489A8000F06D7F /* LocationUpdatesTests.m */; };
		74B4CE851A49DFDF0001ADF5 /* LocationManager.m in Sources */ = {isa = PBXBuildFile; fileRef = 74B4CE841A49DFDF0001ADF5 /* LocationManager.m */; };
		74B4CE8B1A49F1800001ADF5 /* WebServicesManager.m in Sources */ = {isa = PBXBuildFile; fileRef = 74B4CE8A1A49F1800001ADF5 /* WebServicesManager.m */; };
/* End PBXBuildFile section */

/* Begin PBXContainerItemProxy section */
		748F8D8E1A489A8000F06D7F /* PBXContainerItemProxy */ = {
			isa = PBXContainerItemProxy;
			containerPortal = 748F8D6C1A489A8000F06D7F /* Project object */;
			proxyType = 1;
			remoteGlobalIDString = 748F8D731A489A8000F06D7F;
			remoteInfo = LocationUpdates;
		};
/* End PBXContainerItemProxy section */

/* Begin PBXFileReference section */
		748F8D741A489A8000F06D7F /* LocationUpdates.app */ = {isa = PBXFileReference; explicitFileType = wrapper.application; includeInIndex = 0; path = LocationUpdates.app; sourceTree = BUILT_PRODUCTS_DIR; };
		748F8D781A489A8000F06D7F /* Info.plist */ = {isa = PBXFileReference; lastKnownFileType = text.plist.xml; path = Info.plist; sourceTree = "<group>"; };
		748F8D791A489A8000F06D7F /* main.m */ = {isa = PBXFileReference; lastKnownFileType = sourcecode.c.objc; path = main.m; sourceTree = "<group>"; };
		748F8D7B1A489A8000F06D7F /* AppDelegate.h */ = {isa = PBXFileReference; lastKnownFileType = sourcecode.c.h; path = AppDelegate.h; sourceTree = "<group>"; };
		748F8D7C1A489A8000F06D7F /* AppDelegate.m */ = {isa = PBXFileReference; lastKnownFileType = sourcecode.c.objc; path = AppDelegate.m; sourceTree = "<group>"; };
		748F8D7E1A489A8000F06D7F /* SPLocationViewController.h */ = {isa = PBXFileReference; lastKnownFileType = sourcecode.c.h; path = SPLocationViewController.h; sourceTree = "<group>"; };
		748F8D7F1A489A8000F06D7F /* SPLocationViewController.m */ = {isa = PBXFileReference; lastKnownFileType = sourcecode.c.objc; path = SPLocationViewController.m; sourceTree = "<group>"; };
		748F8D821A489A8000F06D7F /* Base */ = {isa = PBXFileReference; lastKnownFileType = file.storyboard; name = Base; path = Base.lproj/Main.storyboard; sourceTree = "<group>"; };
		748F8D841A489A8000F06D7F /* Images.xcassets */ = {isa = PBXFileReference; lastKnownFileType = folder.assetcatalog; path = Images.xcassets; sourceTree = "<group>"; };
		748F8D871A489A8000F06D7F /* Base */ = {isa = PBXFileReference; lastKnownFileType = file.xib; name = Base; path = Base.lproj/LaunchScreen.xib; sourceTree = "<group>"; };
		748F8D8D1A489A8000F06D7F /* LocationUpdatesTests.xctest */ = {isa = PBXFileReference; explicitFileType = wrapper.cfbundle; includeInIndex = 0; path = LocationUpdatesTests.xctest; sourceTree = BUILT_PRODUCTS_DIR; };
		748F8D921A489A8000F06D7F /* Info.plist */ = {isa = PBXFileReference; lastKnownFileType = text.plist.xml; path = Info.plist; sourceTree = "<group>"; };
		748F8D931A489A8000F06D7F /* LocationUpdatesTests.m */ = {isa = PBXFileReference; lastKnownFileType = sourcecode.c.objc; path = LocationUpdatesTests.m; sourceTree = "<group>"; };
		74B4CE831A49DFDF0001ADF5 /* LocationManager.h */ = {isa = PBXFileReference; fileEncoding = 4; lastKnownFileType = sourcecode.c.h; path = LocationManager.h; sourceTree = "<group>"; };
		74B4CE841A49DFDF0001ADF5 /* LocationManager.m */ = {isa = PBXFileReference; fileEncoding = 4; lastKnownFileType = sourcecode.c.objc; path = LocationManager.m; sourceTree = "<group>"; };
		74B4CE891A49F1800001ADF5 /* WebServicesManager.h */ = {isa = PBXFileReference; fileEncoding = 4; lastKnownFileType = sourcecode.c.h; path = WebServicesManager.h; sourceTree = "<group>"; };
		74B4CE8A1A49F1800001ADF5 /* WebServicesManager.m */ = {isa = PBXFileReference; fileEncoding = 4; lastKnownFileType = sourcecode.c.objc; path = WebServicesManager.m; sourceTree = "<group>"; };
/* End PBXFileReference section */

/* Begin PBXFrameworksBuildPhase section */
		748F8D711A489A8000F06D7F /* Frameworks */ = {
			isa = PBXFrameworksBuildPhase;
			buildActionMask = 2147483647;
			files = (
			);
			runOnlyForDeploymentPostprocessing = 0;
		};
		748F8D8A1A489A8000F06D7F /* Frameworks */ = {
			isa = PBXFrameworksBuildPhase;
			buildActionMask = 2147483647;
			files = (
			);
			runOnlyForDeploymentPostprocessing = 0;
		};
/* End PBXFrameworksBuildPhase section */

/* Begin PBXGroup section */
		748F8D6B1A489A8000F06D7F = {
			isa = PBXGroup;
			children = (
				748F8D761A489A8000F06D7F /* LocationUpdates */,
				748F8D901A489A8000F06D7F /* LocationUpdatesTests */,
				748F8D751A489A8000F06D7F /* Products */,
			);
			sourceTree = "<group>";
		};
		748F8D751A489A8000F06D7F /* Products */ = {
			isa = PBXGroup;
			children = (
				748F8D741A489A8000F06D7F /* LocationUpdates.app */,
				748F8D8D1A489A8000F06D7F /* LocationUpdatesTests.xctest */,
			);
			name = Products;
			sourceTree = "<group>";
		};
		748F8D761A489A8000F06D7F /* LocationUpdates */ = {
			isa = PBXGroup;
			children = (
				748F8D7B1A489A8000F06D7F /* AppDelegate.h */,
				748F8D7C1A489A8000F06D7F /* AppDelegate.m */,
				748F8D811A489A8000F06D7F /* Main.storyboard */,
				74B4CE871A49E3090001ADF5 /* Model */,
				74B4CE861A49E2FC0001ADF5 /* Controller */,
				748F8D841A489A8000F06D7F /* Images.xcassets */,
				748F8D861A489A8000F06D7F /* LaunchScreen.xib */,
				748F8D771A489A8000F06D7F /* Supporting Files */,
			);
			path = LocationUpdates;
			sourceTree = "<group>";
		};
		748F8D771A489A8000F06D7F /* Supporting Files */ = {
			isa = PBXGroup;
			children = (
				748F8D781A489A8000F06D7F /* Info.plist */,
				748F8D791A489A8000F06D7F /* main.m */,
			);
			name = "Supporting Files";
			sourceTree = "<group>";
		};
		748F8D901A489A8000F06D7F /* LocationUpdatesTests */ = {
			isa = PBXGroup;
			children = (
				748F8D931A489A8000F06D7F /* LocationUpdatesTests.m */,
				748F8D911A489A8000F06D7F /* Supporting Files */,
			);
			path = LocationUpdatesTests;
			sourceTree = "<group>";
		};
		748F8D911A489A8000F06D7F /* Supporting Files */ = {
			isa = PBXGroup;
			children = (
				748F8D921A489A8000F06D7F /* Info.plist */,
			);
			name = "Supporting Files";
			sourceTree = "<group>";
		};
		74B4CE861A49E2FC0001ADF5 /* Controller */ = {
			isa = PBXGroup;
			children = (
				748F8D7E1A489A8000F06D7F /* SPLocationViewController.h */,
				748F8D7F1A489A8000F06D7F /* SPLocationViewController.m */,
			);
			name = Controller;
			sourceTree = "<group>";
		};
		74B4CE871A49E3090001ADF5 /* Model */ = {
			isa = PBXGroup;
			children = (
				74B4CE831A49DFDF0001ADF5 /* LocationManager.h */,
				74B4CE841A49DFDF0001ADF5 /* LocationManager.m */,
				74B4CE891A49F1800001ADF5 /* WebServicesManager.h */,
				74B4CE8A1A49F1800001ADF5 /* WebServicesManager.m */,
			);
			name = Model;
			sourceTree = "<group>";
		};
/* End PBXGroup section */

/* Begin PBXNativeTarget section */
		748F8D731A489A8000F06D7F /* LocationUpdates */ = {
			isa = PBXNativeTarget;
			buildConfigurationList = 748F8D971A489A8000F06D7F /* Build configuration list for PBXNativeTarget "LocationUpdates" */;
			buildPhases = (
				748F8D701A489A8000F06D7F /* Sources */,
				748F8D711A489A8000F06D7F /* Frameworks */,
				748F8D721A489A8000F06D7F /* Resources */,
			);
			buildRules = (
			);
			dependencies = (
			);
			name = LocationUpdates;
			productName = LocationUpdates;
			productReference = 748F8D741A489A8000F06D7F /* LocationUpdates.app */;
			productType = "com.apple.product-type.application";
		};
		748F8D8C1A489A8000F06D7F /* LocationUpdatesTests */ = {
			isa = PBXNativeTarget;
			buildConfigurationList = 748F8D9A1A489A8000F06D7F /* Build configuration list for PBXNativeTarget "LocationUpdatesTests" */;
			buildPhases = (
				748F8D891A489A8000F06D7F /* Sources */,
				748F8D8A1A489A8000F06D7F /* Frameworks */,
				748F8D8B1A489A8000F06D7F /* Resources */,
			);
			buildRules = (
			);
			dependencies = (
				748F8D8F1A489A8000F06D7F /* PBXTargetDependency */,
			);
			name = LocationUpdatesTests;
			productName = LocationUpdatesTests;
			productReference = 748F8D8D1A489A8000F06D7F /* LocationUpdatesTests.xctest */;
			productType = "com.apple.product-type.bundle.unit-test";
		};
/* End PBXNativeTarget section */

/* Begin PBXProject section */
		748F8D6C1A489A8000F06D7F /* Project object */ = {
			isa = PBXProject;
			attributes = {
				LastUpgradeCheck = 0610;
				ORGANIZATIONNAME = com.suhit;
				TargetAttributes = {
					748F8D731A489A8000F06D7F = {
						CreatedOnToolsVersion = 6.1.1;
					};
					748F8D8C1A489A8000F06D7F = {
						CreatedOnToolsVersion = 6.1.1;
						TestTargetID = 748F8D731A489A8000F06D7F;
					};
				};
			};
			buildConfigurationList = 748F8D6F1A489A8000F06D7F /* Build configuration list for PBXProject "LocationUpdates" */;
			compatibilityVersion = "Xcode 3.2";
			developmentRegion = English;
			hasScannedForEncodings = 0;
			knownRegions = (
				en,
				Base,
			);
			mainGroup = 748F8D6B1A489A8000F06D7F;
			productRefGroup = 748F8D751A489A8000F06D7F /* Products */;
			projectDirPath = "";
			projectRoot = "";
			targets = (
				748F8D731A489A8000F06D7F /* LocationUpdates */,
				748F8D8C1A489A8000F06D7F /* LocationUpdatesTests */,
			);
		};
/* End PBXProject section */

/* Begin PBXResourcesBuildPhase section */
		748F8D721A489A8000F06D7F /* Resources */ = {
			isa = PBXResourcesBuildPhase;
			buildActionMask = 2147483647;
			files = (
				748F8D831A489A8000F06D7F /* Main.storyboard in Resources */,
				748F8D881A489A8000F06D7F /* LaunchScreen.xib in Resources */,
				748F8D851A489A8000F06D7F /* Images.xcassets in Resources */,
			);
			runOnlyForDeploymentPostprocessing = 0;
		};
		748F8D8B1A489A8000F06D7F /* Resources */ = {
			isa = PBXResourcesBuildPhase;
			buildActionMask = 2147483647;
			files = (
			);
			runOnlyForDeploymentPostprocessing = 0;
		};
/* End PBXResourcesBuildPhase section */

/* Begin PBXSourcesBuildPhase section */
		748F8D701A489A8000F06D7F /* Sources */ = {
			isa = PBXSourcesBuildPhase;
			buildActionMask = 2147483647;
			files = (
				74B4CE851A49DFDF0001ADF5 /* LocationManager.m in Sources */,
				74B4CE8B1A49F1800001ADF5 /* WebServicesManager.m in Sources */,
				748F8D801A489A8000F06D7F /* SPLocationViewController.m in Sources */,
				748F8D7D1A489A8000F06D7F /* AppDelegate.m in Sources */,
				748F8D7A1A489A8000F06D7F /* main.m in Sources */,
			);
			runOnlyForDeploymentPostprocessing = 0;
		};
		748F8D891A489A8000F06D7F /* Sources */ = {
			isa = PBXSourcesBuildPhase;
			buildActionMask = 2147483647;
			files = (
				748F8D941A489A8000F06D7F /* LocationUpdatesTests.m in Sources */,
			);
			runOnlyForDeploymentPostprocessing = 0;
		};
/* End PBXSourcesBuildPhase section */

/* Begin PBXTargetDependency section */
		748F8D8F1A489A8000F06D7F /* PBXTargetDependency */ = {
			isa = PBXTargetDependency;
			target = 748F8D731A489A8000F06D7F /* LocationUpdates */;
			targetProxy = 748F8D8E1A489A8000F06D7F /* PBXContainerItemProxy */;
		};
/* End PBXTargetDependency section */

/* Begin PBXVariantGroup section */
		748F8D811A489A8000F06D7F /* Main.storyboard */ = {
			isa = PBXVariantGroup;
			children = (
				748F8D821A489A8000F06D7F /* Base */,
			);
			name = Main.storyboard;
			sourceTree = "<group>";
		};
		748F8D861A489A8000F06D7F /* LaunchScreen.xib */ = {
			isa = PBXVariantGroup;
			children = (
				748F8D871A489A8000F06D7F /* Base */,
			);
			name = LaunchScreen.xib;
			sourceTree = "<group>";
		};
/* End PBXVariantGroup section */

/* Begin XCBuildConfiguration section */
		748F8D951A489A8000F06D7F /* Debug */ = {
			isa = XCBuildConfiguration;
			buildSettings = {
				ALWAYS_SEARCH_USER_PATHS = NO;
				CLANG_CXX_LANGUAGE_STANDARD = "gnu++0x";
				CLANG_CXX_LIBRARY = "libc++";
				CLANG_ENABLE_MODULES = YES;
				CLANG_ENABLE_OBJC_ARC = YES;
				CLANG_WARN_BOOL_CONVERSION = YES;
				CLANG_WARN_CONSTANT_CONVERSION = YES;
				CLANG_WARN_DIRECT_OBJC_ISA_USAGE = YES_ERROR;
				CLANG_WARN_EMPTY_BODY = YES;
				CLANG_WARN_ENUM_CONVERSION = YES;
				CLANG_WARN_INT_CONVERSION = YES;
				CLANG_WARN_OBJC_ROOT_CLASS = YES_ERROR;
				CLANG_WARN_UNREACHABLE_CODE = YES;
				CLANG_WARN__DUPLICATE_METHOD_MATCH = YES;
				"CODE_SIGN_IDENTITY[sdk=iphoneos*]" = "iPhone Developer";
				COPY_PHASE_STRIP = NO;
				ENABLE_STRICT_OBJC_MSGSEND = YES;
				GCC_C_LANGUAGE_STANDARD = gnu99;
				GCC_DYNAMIC_NO_PIC = NO;
				GCC_OPTIMIZATION_LEVEL = 0;
				GCC_PREPROCESSOR_DEFINITIONS = (
					"DEBUG=1",
					"$(inherited)",
				);
				GCC_SYMBOLS_PRIVATE_EXTERN = NO;
				GCC_WARN_64_TO_32_BIT_CONVERSION = YES;
				GCC_WARN_ABOUT_RETURN_TYPE = YES_ERROR;
				GCC_WARN_UNDECLARED_SELECTOR = YES;
				GCC_WARN_UNINITIALIZED_AUTOS = YES_AGGRESSIVE;
				GCC_WARN_UNUSED_FUNCTION = YES;
				GCC_WARN_UNUSED_VARIABLE = YES;
				IPHONEOS_DEPLOYMENT_TARGET = 8.1;
				MTL_ENABLE_DEBUG_INFO = YES;
				ONLY_ACTIVE_ARCH = YES;
				SDKROOT = iphoneos;
			};
			name = Debug;
		};
		748F8D961A489A8000F06D7F /* Release */ = {
			isa = XCBuildConfiguration;
			buildSettings = {
				ALWAYS_SEARCH_USER_PATHS = NO;
				CLANG_CXX_LANGUAGE_STANDARD = "gnu++0x";
				CLANG_CXX_LIBRARY = "libc++";
				CLANG_ENABLE_MODULES = YES;
				CLANG_ENABLE_OBJC_ARC = YES;
				CLANG_WARN_BOOL_CONVERSION = YES;
				CLANG_WARN_CONSTANT_CONVERSION = YES;
				CLANG_WARN_DIRECT_OBJC_ISA_USAGE = YES_ERROR;
				CLANG_WARN_EMPTY_BODY = YES;
				CLANG_WARN_ENUM_CONVERSION = YES;
				CLANG_WARN_INT_CONVERSION = YES;
				CLANG_WARN_OBJC_ROOT_CLASS = YES_ERROR;
				CLANG_WARN_UNREACHABLE_CODE = YES;
				CLANG_WARN__DUPLICATE_METHOD_MATCH = YES;
				"CODE_SIGN_IDENTITY[sdk=iphoneos*]" = "iPhone Developer";
				COPY_PHASE_STRIP = YES;
				ENABLE_NS_ASSERTIONS = NO;
				ENABLE_STRICT_OBJC_MSGSEND = YES;
				GCC_C_LANGUAGE_STANDARD = gnu99;
				GCC_WARN_64_TO_32_BIT_CONVERSION = YES;
				GCC_WARN_ABOUT_RETURN_TYPE = YES_ERROR;
				GCC_WARN_UNDECLARED_SELECTOR = YES;
				GCC_WARN_UNINITIALIZED_AUTOS = YES_AGGRESSIVE;
				GCC_WARN_UNUSED_FUNCTION = YES;
				GCC_WARN_UNUSED_VARIABLE = YES;
				IPHONEOS_DEPLOYMENT_TARGET = 8.1;
				MTL_ENABLE_DEBUG_INFO = NO;
				SDKROOT = iphoneos;
				VALIDATE_PRODUCT = YES;
			};
			name = Release;
		};
		748F8D981A489A8000F06D7F /* Debug */ = {
			isa = XCBuildConfiguration;
			buildSettings = {
				ASSETCATALOG_COMPILER_APPICON_NAME = AppIcon;
				INFOPLIST_FILE = LocationUpdates/Info.plist;
				IPHONEOS_DEPLOYMENT_TARGET = 7.0;
				LD_RUNPATH_SEARCH_PATHS = "$(inherited) @executable_path/Frameworks";
				PRODUCT_NAME = "$(TARGET_NAME)";
			};
			name = Debug;
		};
		748F8D991A489A8000F06D7F /* Release */ = {
			isa = XCBuildConfiguration;
			buildSettings = {
				ASSETCATALOG_COMPILER_APPICON_NAME = AppIcon;
				INFOPLIST_FILE = LocationUpdates/Info.plist;
				IPHONEOS_DEPLOYMENT_TARGET = 7.0;
				LD_RUNPATH_SEARCH_PATHS = "$(inherited) @executable_path/Frameworks";
				PRODUCT_NAME = "$(TARGET_NAME)";
			};
			name = Release;
		};
		748F8D9B1A489A8000F06D7F /* Debug */ = {
			isa = XCBuildConfiguration;
			buildSettings = {
				BUNDLE_LOADER = "$(TEST_HOST)";
				FRAMEWORK_SEARCH_PATHS = (
					"$(SDKROOT)/Developer/Library/Frameworks",
					"$(inherited)",
				);
				GCC_PREPROCESSOR_DEFINITIONS = (
					"DEBUG=1",
					"$(inherited)",
				);
				INFOPLIST_FILE = LocationUpdatesTests/Info.plist;
				LD_RUNPATH_SEARCH_PATHS = "$(inherited) @executable_path/Frameworks @loader_path/Frameworks";
				PRODUCT_NAME = "$(TARGET_NAME)";
				TEST_HOST = "$(BUILT_PRODUCTS_DIR)/LocationUpdates.app/LocationUpdates";
			};
			name = Debug;
		};
		748F8D9C1A489A8000F06D7F /* Release */ = {
			isa = XCBuildConfiguration;
			buildSettings = {
				BUNDLE_LOADER = "$(TEST_HOST)";
				FRAMEWORK_SEARCH_PATHS = (
					"$(SDKROOT)/Developer/Library/Frameworks",
					"$(inherited)",
				);
				INFOPLIST_FILE = LocationUpdatesTests/Info.plist;
				LD_RUNPATH_SEARCH_PATHS = "$(inherited) @executable_path/Frameworks @loader_path/Frameworks";
				PRODUCT_NAME = "$(TARGET_NAME)";
				TEST_HOST = "$(BUILT_PRODUCTS_DIR)/LocationUpdates.app/LocationUpdates";
			};
			name = Release;
		};
/* End XCBuildConfiguration section */

/* Begin XCConfigurationList section */
		748F8D6F1A489A8000F06D7F /* Build configuration list for PBXProject "LocationUpdates" */ = {
			isa = XCConfigurationList;
			buildConfigurations = (
				748F8D951A489A8000F06D7F /* Debug */,
				748F8D961A489A8000F06D7F /* Release */,
			);
			defaultConfigurationIsVisible = 0;
			defaultConfigurationName = Release;
		};
		748F8D971A489A8000F06D7F /* Build configuration list for PBXNativeTarget "LocationUpdates" */ = {
			isa = XCConfigurationList;
			buildConfigurations = (
				748F8D981A489A8000F06D7F /* Debug */,
				748F8D991A489A8000F06D7F /* Release */,
			);
			defaultConfigurationIsVisible = 0;
			defaultConfigurationName = Release;
		};
		748F8D9A1A489A8000F06D7F /* Build configuration list for PBXNativeTarget "LocationUpdatesTests" */ = {
			isa = XCConfigurationList;
			buildConfigurations = (
				748F8D9B1A489A8000F06D7F /* Debug */,
				748F8D9C1A489A8000F06D7F /* Release */,
			);
			defaultConfigurationIsVisible = 0;
			defaultConfigurationName = Release;
		};
/* End XCConfigurationList section */
	};
	rootObject = 748F8D6C1A489A8000F06D7F /* Project object */;
}
